// !$*UTF8*$!
{
	archiveVersion = 1;
	classes = {
	};
	objectVersion = 50;
	objects = {

/* Begin PBXBuildFile section */
		CE8EB6F027AE85720036DBF0 /* AppDelegate.swift in Sources */ = {isa = PBXBuildFile; fileRef = CE8EB6EF27AE85720036DBF0 /* AppDelegate.swift */; };
		CE8EB6F227AE85720036DBF0 /* SceneDelegate.swift in Sources */ = {isa = PBXBuildFile; fileRef = CE8EB6F127AE85720036DBF0 /* SceneDelegate.swift */; };
		CE8EB6F427AE85720036DBF0 /* ContentView.swift in Sources */ = {isa = PBXBuildFile; fileRef = CE8EB6F327AE85720036DBF0 /* ContentView.swift */; };
		CE8EB6F627AE85750036DBF0 /* Assets.xcassets in Resources */ = {isa = PBXBuildFile; fileRef = CE8EB6F527AE85750036DBF0 /* Assets.xcassets */; };
		CE8EB6F927AE85750036DBF0 /* Preview Assets.xcassets in Resources */ = {isa = PBXBuildFile; fileRef = CE8EB6F827AE85750036DBF0 /* Preview Assets.xcassets */; };
		CE8EB6FC27AE85750036DBF0 /* LaunchScreen.storyboard in Resources */ = {isa = PBXBuildFile; fileRef = CE8EB6FA27AE85750036DBF0 /* LaunchScreen.storyboard */; };
		CE8EB70727AE85760036DBF0 /* SwiftUITutorialTests.swift in Sources */ = {isa = PBXBuildFile; fileRef = CE8EB70627AE85760036DBF0 /* SwiftUITutorialTests.swift */; };
		CE8EB71227AE85760036DBF0 /* SwiftUITutorialUITests.swift in Sources */ = {isa = PBXBuildFile; fileRef = CE8EB71127AE85760036DBF0 /* SwiftUITutorialUITests.swift */; };
		CEB6623E27C34FDA006F7FE3 /* CircleImage.swift in Sources */ = {isa = PBXBuildFile; fileRef = CEB6623D27C34FDA006F7FE3 /* CircleImage.swift */; };
		CEB6624027C352E2006F7FE3 /* MapView.swift in Sources */ = {isa = PBXBuildFile; fileRef = CEB6623F27C352E2006F7FE3 /* MapView.swift */; };
		CEB662AF27C36858006F7FE3 /* Landmark.swift in Sources */ = {isa = PBXBuildFile; fileRef = CEB662AE27C36858006F7FE3 /* Landmark.swift */; };
		CEB662B127C36D63006F7FE3 /* ModelData.swift in Sources */ = {isa = PBXBuildFile; fileRef = CEB662B027C36D63006F7FE3 /* ModelData.swift */; };
		CEB662B627C3753E006F7FE3 /* landmarkData.json in Resources */ = {isa = PBXBuildFile; fileRef = CEB662B527C3753E006F7FE3 /* landmarkData.json */; };
		CEB662B827C3773A006F7FE3 /* LandmarkRow.swift in Sources */ = {isa = PBXBuildFile; fileRef = CEB662B727C3773A006F7FE3 /* LandmarkRow.swift */; };
		CEB662BA27C3793F006F7FE3 /* LandmarkList.swift in Sources */ = {isa = PBXBuildFile; fileRef = CEB662B927C3793F006F7FE3 /* LandmarkList.swift */; };
		CEB662BC27C37ACA006F7FE3 /* LandmarkDetail.swift in Sources */ = {isa = PBXBuildFile; fileRef = CEB662BB27C37ACA006F7FE3 /* LandmarkDetail.swift */; };
		CEB662C227C3F499006F7FE3 /* SwiftUITutorial.swift in Sources */ = {isa = PBXBuildFile; fileRef = CEB662C127C3F499006F7FE3 /* SwiftUITutorial.swift */; };
		CEB662C427C3F798006F7FE3 /* FavoriteButton.swift in Sources */ = {isa = PBXBuildFile; fileRef = CEB662C327C3F798006F7FE3 /* FavoriteButton.swift */; };
		CEB662C927C4849D006F7FE3 /* HexagonParameters.swift in Sources */ = {isa = PBXBuildFile; fileRef = CEB662C827C4849D006F7FE3 /* HexagonParameters.swift */; };
		CEB662CB27C486C4006F7FE3 /* BadgeBackground.swift in Sources */ = {isa = PBXBuildFile; fileRef = CEB662CA27C486C4006F7FE3 /* BadgeBackground.swift */; };
		CEB662CF27C497F5006F7FE3 /* BadgeSymbol.swift in Sources */ = {isa = PBXBuildFile; fileRef = CEB662CE27C497F5006F7FE3 /* BadgeSymbol.swift */; };
		CEB662D127C49E78006F7FE3 /* RotatedBadgeSymbol.swift in Sources */ = {isa = PBXBuildFile; fileRef = CEB662D027C49E78006F7FE3 /* RotatedBadgeSymbol.swift */; };
		CEB662D327C4A54A006F7FE3 /* Badge.swift in Sources */ = {isa = PBXBuildFile; fileRef = CEB662D227C4A54A006F7FE3 /* Badge.swift */; };
/* End PBXBuildFile section */

/* Begin PBXContainerItemProxy section */
		CE8EB70327AE85760036DBF0 /* PBXContainerItemProxy */ = {
			isa = PBXContainerItemProxy;
			containerPortal = CE8EB6E427AE85720036DBF0 /* Project object */;
			proxyType = 1;
			remoteGlobalIDString = CE8EB6EB27AE85720036DBF0;
			remoteInfo = SwiftUITutorial;
		};
		CE8EB70E27AE85760036DBF0 /* PBXContainerItemProxy */ = {
			isa = PBXContainerItemProxy;
			containerPortal = CE8EB6E427AE85720036DBF0 /* Project object */;
			proxyType = 1;
			remoteGlobalIDString = CE8EB6EB27AE85720036DBF0;
			remoteInfo = SwiftUITutorial;
		};
/* End PBXContainerItemProxy section */

/* Begin PBXFileReference section */
		CE8EB6EC27AE85720036DBF0 /* SwiftUITutorial.app */ = {isa = PBXFileReference; explicitFileType = wrapper.application; includeInIndex = 0; path = SwiftUITutorial.app; sourceTree = BUILT_PRODUCTS_DIR; };
		CE8EB6EF27AE85720036DBF0 /* AppDelegate.swift */ = {isa = PBXFileReference; lastKnownFileType = sourcecode.swift; path = AppDelegate.swift; sourceTree = "<group>"; };
		CE8EB6F127AE85720036DBF0 /* SceneDelegate.swift */ = {isa = PBXFileReference; lastKnownFileType = sourcecode.swift; path = SceneDelegate.swift; sourceTree = "<group>"; };
		CE8EB6F327AE85720036DBF0 /* ContentView.swift */ = {isa = PBXFileReference; lastKnownFileType = sourcecode.swift; path = ContentView.swift; sourceTree = "<group>"; };
		CE8EB6F527AE85750036DBF0 /* Assets.xcassets */ = {isa = PBXFileReference; lastKnownFileType = folder.assetcatalog; path = Assets.xcassets; sourceTree = "<group>"; };
		CE8EB6F827AE85750036DBF0 /* Preview Assets.xcassets */ = {isa = PBXFileReference; lastKnownFileType = folder.assetcatalog; path = "Preview Assets.xcassets"; sourceTree = "<group>"; };
		CE8EB6FB27AE85750036DBF0 /* Base */ = {isa = PBXFileReference; lastKnownFileType = file.storyboard; name = Base; path = Base.lproj/LaunchScreen.storyboard; sourceTree = "<group>"; };
		CE8EB6FD27AE85750036DBF0 /* Info.plist */ = {isa = PBXFileReference; lastKnownFileType = text.plist.xml; path = Info.plist; sourceTree = "<group>"; };
		CE8EB70227AE85760036DBF0 /* SwiftUITutorialTests.xctest */ = {isa = PBXFileReference; explicitFileType = wrapper.cfbundle; includeInIndex = 0; path = SwiftUITutorialTests.xctest; sourceTree = BUILT_PRODUCTS_DIR; };
		CE8EB70627AE85760036DBF0 /* SwiftUITutorialTests.swift */ = {isa = PBXFileReference; lastKnownFileType = sourcecode.swift; path = SwiftUITutorialTests.swift; sourceTree = "<group>"; };
		CE8EB70827AE85760036DBF0 /* Info.plist */ = {isa = PBXFileReference; lastKnownFileType = text.plist.xml; path = Info.plist; sourceTree = "<group>"; };
		CE8EB70D27AE85760036DBF0 /* SwiftUITutorialUITests.xctest */ = {isa = PBXFileReference; explicitFileType = wrapper.cfbundle; includeInIndex = 0; path = SwiftUITutorialUITests.xctest; sourceTree = BUILT_PRODUCTS_DIR; };
		CE8EB71127AE85760036DBF0 /* SwiftUITutorialUITests.swift */ = {isa = PBXFileReference; lastKnownFileType = sourcecode.swift; path = SwiftUITutorialUITests.swift; sourceTree = "<group>"; };
		CE8EB71327AE85760036DBF0 /* Info.plist */ = {isa = PBXFileReference; lastKnownFileType = text.plist.xml; path = Info.plist; sourceTree = "<group>"; };
		CEB6623D27C34FDA006F7FE3 /* CircleImage.swift */ = {isa = PBXFileReference; lastKnownFileType = sourcecode.swift; path = CircleImage.swift; sourceTree = "<group>"; };
		CEB6623F27C352E2006F7FE3 /* MapView.swift */ = {isa = PBXFileReference; lastKnownFileType = sourcecode.swift; path = MapView.swift; sourceTree = "<group>"; };
		CEB662AE27C36858006F7FE3 /* Landmark.swift */ = {isa = PBXFileReference; lastKnownFileType = sourcecode.swift; path = Landmark.swift; sourceTree = "<group>"; };
		CEB662B027C36D63006F7FE3 /* ModelData.swift */ = {isa = PBXFileReference; lastKnownFileType = sourcecode.swift; path = ModelData.swift; sourceTree = "<group>"; };
		CEB662B527C3753E006F7FE3 /* landmarkData.json */ = {isa = PBXFileReference; fileEncoding = 4; lastKnownFileType = text.json; path = landmarkData.json; sourceTree = "<group>"; };
		CEB662B727C3773A006F7FE3 /* LandmarkRow.swift */ = {isa = PBXFileReference; lastKnownFileType = sourcecode.swift; path = LandmarkRow.swift; sourceTree = "<group>"; };
		CEB662B927C3793F006F7FE3 /* LandmarkList.swift */ = {isa = PBXFileReference; lastKnownFileType = sourcecode.swift; path = LandmarkList.swift; sourceTree = "<group>"; };
		CEB662BB27C37ACA006F7FE3 /* LandmarkDetail.swift */ = {isa = PBXFileReference; lastKnownFileType = sourcecode.swift; path = LandmarkDetail.swift; sourceTree = "<group>"; };
		CEB662C127C3F499006F7FE3 /* SwiftUITutorial.swift */ = {isa = PBXFileReference; lastKnownFileType = sourcecode.swift; path = SwiftUITutorial.swift; sourceTree = "<group>"; };
		CEB662C327C3F798006F7FE3 /* FavoriteButton.swift */ = {isa = PBXFileReference; lastKnownFileType = sourcecode.swift; path = FavoriteButton.swift; sourceTree = "<group>"; };
		CEB662C827C4849D006F7FE3 /* HexagonParameters.swift */ = {isa = PBXFileReference; lastKnownFileType = sourcecode.swift; path = HexagonParameters.swift; sourceTree = "<group>"; };
		CEB662CA27C486C4006F7FE3 /* BadgeBackground.swift */ = {isa = PBXFileReference; lastKnownFileType = sourcecode.swift; path = BadgeBackground.swift; sourceTree = "<group>"; };
		CEB662CE27C497F5006F7FE3 /* BadgeSymbol.swift */ = {isa = PBXFileReference; lastKnownFileType = sourcecode.swift; path = BadgeSymbol.swift; sourceTree = "<group>"; };
		CEB662D027C49E78006F7FE3 /* RotatedBadgeSymbol.swift */ = {isa = PBXFileReference; lastKnownFileType = sourcecode.swift; path = RotatedBadgeSymbol.swift; sourceTree = "<group>"; };
		CEB662D227C4A54A006F7FE3 /* Badge.swift */ = {isa = PBXFileReference; lastKnownFileType = sourcecode.swift; path = Badge.swift; sourceTree = "<group>"; };
/* End PBXFileReference section */

/* Begin PBXFrameworksBuildPhase section */
		CE8EB6E927AE85720036DBF0 /* Frameworks */ = {
			isa = PBXFrameworksBuildPhase;
			buildActionMask = 2147483647;
			files = (
			);
			runOnlyForDeploymentPostprocessing = 0;
		};
		CE8EB6FF27AE85760036DBF0 /* Frameworks */ = {
			isa = PBXFrameworksBuildPhase;
			buildActionMask = 2147483647;
			files = (
			);
			runOnlyForDeploymentPostprocessing = 0;
		};
		CE8EB70A27AE85760036DBF0 /* Frameworks */ = {
			isa = PBXFrameworksBuildPhase;
			buildActionMask = 2147483647;
			files = (
			);
			runOnlyForDeploymentPostprocessing = 0;
		};
/* End PBXFrameworksBuildPhase section */

/* Begin PBXGroup section */
		CE8EB6E327AE85720036DBF0 = {
			isa = PBXGroup;
			children = (
				CE8EB6EE27AE85720036DBF0 /* SwiftUITutorial */,
				CE8EB70527AE85760036DBF0 /* SwiftUITutorialTests */,
				CE8EB71027AE85760036DBF0 /* SwiftUITutorialUITests */,
				CE8EB6ED27AE85720036DBF0 /* Products */,
			);
			sourceTree = "<group>";
		};
		CE8EB6ED27AE85720036DBF0 /* Products */ = {
			isa = PBXGroup;
			children = (
				CE8EB6EC27AE85720036DBF0 /* SwiftUITutorial.app */,
				CE8EB70227AE85760036DBF0 /* SwiftUITutorialTests.xctest */,
				CE8EB70D27AE85760036DBF0 /* SwiftUITutorialUITests.xctest */,
			);
			name = Products;
			sourceTree = "<group>";
		};
		CE8EB6EE27AE85720036DBF0 /* SwiftUITutorial */ = {
			isa = PBXGroup;
			children = (
				CEB662C127C3F499006F7FE3 /* SwiftUITutorial.swift */,
				CEB662B427C374C5006F7FE3 /* Resource */,
				CEB662B327C3747D006F7FE3 /* Model */,
				CEB662B227C37476006F7FE3 /* View */,
				CE8EB6EF27AE85720036DBF0 /* AppDelegate.swift */,
				CE8EB6F127AE85720036DBF0 /* SceneDelegate.swift */,
				CE8EB6F527AE85750036DBF0 /* Assets.xcassets */,
				CE8EB6FA27AE85750036DBF0 /* LaunchScreen.storyboard */,
				CE8EB6FD27AE85750036DBF0 /* Info.plist */,
				CE8EB6F727AE85750036DBF0 /* Preview Content */,
			);
			path = SwiftUITutorial;
			sourceTree = "<group>";
		};
		CE8EB6F727AE85750036DBF0 /* Preview Content */ = {
			isa = PBXGroup;
			children = (
				CE8EB6F827AE85750036DBF0 /* Preview Assets.xcassets */,
			);
			path = "Preview Content";
			sourceTree = "<group>";
		};
		CE8EB70527AE85760036DBF0 /* SwiftUITutorialTests */ = {
			isa = PBXGroup;
			children = (
				CE8EB70627AE85760036DBF0 /* SwiftUITutorialTests.swift */,
				CE8EB70827AE85760036DBF0 /* Info.plist */,
			);
			path = SwiftUITutorialTests;
			sourceTree = "<group>";
		};
		CE8EB71027AE85760036DBF0 /* SwiftUITutorialUITests */ = {
			isa = PBXGroup;
			children = (
				CE8EB71127AE85760036DBF0 /* SwiftUITutorialUITests.swift */,
				CE8EB71327AE85760036DBF0 /* Info.plist */,
			);
			path = SwiftUITutorialUITests;
			sourceTree = "<group>";
		};
		CEB662B227C37476006F7FE3 /* View */ = {
			isa = PBXGroup;
			children = (
				CEB662D427C4B179006F7FE3 /* Badges */,
				CE8EB6F327AE85720036DBF0 /* ContentView.swift */,
				CEB662C627C3F920006F7FE3 /* Helpers */,
				CEB662C527C3F913006F7FE3 /* Landmarks */,
			);
			path = View;
			sourceTree = "<group>";
		};
		CEB662B327C3747D006F7FE3 /* Model */ = {
			isa = PBXGroup;
			children = (
				CEB662AE27C36858006F7FE3 /* Landmark.swift */,
				CEB662B027C36D63006F7FE3 /* ModelData.swift */,
			);
			path = Model;
			sourceTree = "<group>";
		};
		CEB662B427C374C5006F7FE3 /* Resource */ = {
			isa = PBXGroup;
			children = (
				CEB662B527C3753E006F7FE3 /* landmarkData.json */,
			);
			path = Resource;
			sourceTree = "<group>";
		};
		CEB662C527C3F913006F7FE3 /* Landmarks */ = {
			isa = PBXGroup;
			children = (
				CEB662B727C3773A006F7FE3 /* LandmarkRow.swift */,
				CEB662B927C3793F006F7FE3 /* LandmarkList.swift */,
				CEB662BB27C37ACA006F7FE3 /* LandmarkDetail.swift */,
			);
			path = Landmarks;
			sourceTree = "<group>";
		};
		CEB662C627C3F920006F7FE3 /* Helpers */ = {
			isa = PBXGroup;
			children = (
				CEB6623D27C34FDA006F7FE3 /* CircleImage.swift */,
				CEB6623F27C352E2006F7FE3 /* MapView.swift */,
				CEB662C327C3F798006F7FE3 /* FavoriteButton.swift */,
			);
			path = Helpers;
			sourceTree = "<group>";
		};
		CEB662D427C4B179006F7FE3 /* Badges */ = {
			isa = PBXGroup;
			children = (
				CEB662C827C4849D006F7FE3 /* HexagonParameters.swift */,
				CEB662CA27C486C4006F7FE3 /* BadgeBackground.swift */,
				CEB662CE27C497F5006F7FE3 /* BadgeSymbol.swift */,
				CEB662D027C49E78006F7FE3 /* RotatedBadgeSymbol.swift */,
				CEB662D227C4A54A006F7FE3 /* Badge.swift */,
			);
			path = Badges;
			sourceTree = "<group>";
		};
/* End PBXGroup section */

/* Begin PBXNativeTarget section */
		CE8EB6EB27AE85720036DBF0 /* SwiftUITutorial */ = {
			isa = PBXNativeTarget;
			buildConfigurationList = CE8EB71627AE85760036DBF0 /* Build configuration list for PBXNativeTarget "SwiftUITutorial" */;
			buildPhases = (
				CE8EB6E827AE85720036DBF0 /* Sources */,
				CE8EB6E927AE85720036DBF0 /* Frameworks */,
				CE8EB6EA27AE85720036DBF0 /* Resources */,
			);
			buildRules = (
			);
			dependencies = (
			);
			name = SwiftUITutorial;
			productName = SwiftUITutorial;
			productReference = CE8EB6EC27AE85720036DBF0 /* SwiftUITutorial.app */;
			productType = "com.apple.product-type.application";
		};
		CE8EB70127AE85760036DBF0 /* SwiftUITutorialTests */ = {
			isa = PBXNativeTarget;
			buildConfigurationList = CE8EB71927AE85760036DBF0 /* Build configuration list for PBXNativeTarget "SwiftUITutorialTests" */;
			buildPhases = (
				CE8EB6FE27AE85760036DBF0 /* Sources */,
				CE8EB6FF27AE85760036DBF0 /* Frameworks */,
				CE8EB70027AE85760036DBF0 /* Resources */,
			);
			buildRules = (
			);
			dependencies = (
				CE8EB70427AE85760036DBF0 /* PBXTargetDependency */,
			);
			name = SwiftUITutorialTests;
			productName = SwiftUITutorialTests;
			productReference = CE8EB70227AE85760036DBF0 /* SwiftUITutorialTests.xctest */;
			productType = "com.apple.product-type.bundle.unit-test";
		};
		CE8EB70C27AE85760036DBF0 /* SwiftUITutorialUITests */ = {
			isa = PBXNativeTarget;
			buildConfigurationList = CE8EB71C27AE85760036DBF0 /* Build configuration list for PBXNativeTarget "SwiftUITutorialUITests" */;
			buildPhases = (
				CE8EB70927AE85760036DBF0 /* Sources */,
				CE8EB70A27AE85760036DBF0 /* Frameworks */,
				CE8EB70B27AE85760036DBF0 /* Resources */,
			);
			buildRules = (
			);
			dependencies = (
				CE8EB70F27AE85760036DBF0 /* PBXTargetDependency */,
			);
			name = SwiftUITutorialUITests;
			productName = SwiftUITutorialUITests;
			productReference = CE8EB70D27AE85760036DBF0 /* SwiftUITutorialUITests.xctest */;
			productType = "com.apple.product-type.bundle.ui-testing";
		};
/* End PBXNativeTarget section */

/* Begin PBXProject section */
		CE8EB6E427AE85720036DBF0 /* Project object */ = {
			isa = PBXProject;
			attributes = {
				LastSwiftUpdateCheck = 1250;
				LastUpgradeCheck = 1250;
				TargetAttributes = {
					CE8EB6EB27AE85720036DBF0 = {
						CreatedOnToolsVersion = 12.5;
					};
					CE8EB70127AE85760036DBF0 = {
						CreatedOnToolsVersion = 12.5;
						TestTargetID = CE8EB6EB27AE85720036DBF0;
					};
					CE8EB70C27AE85760036DBF0 = {
						CreatedOnToolsVersion = 12.5;
						TestTargetID = CE8EB6EB27AE85720036DBF0;
					};
				};
			};
			buildConfigurationList = CE8EB6E727AE85720036DBF0 /* Build configuration list for PBXProject "SwiftUITutorial" */;
			compatibilityVersion = "Xcode 9.3";
			developmentRegion = en;
			hasScannedForEncodings = 0;
			knownRegions = (
				en,
				Base,
			);
			mainGroup = CE8EB6E327AE85720036DBF0;
			productRefGroup = CE8EB6ED27AE85720036DBF0 /* Products */;
			projectDirPath = "";
			projectRoot = "";
			targets = (
				CE8EB6EB27AE85720036DBF0 /* SwiftUITutorial */,
				CE8EB70127AE85760036DBF0 /* SwiftUITutorialTests */,
				CE8EB70C27AE85760036DBF0 /* SwiftUITutorialUITests */,
			);
		};
/* End PBXProject section */

/* Begin PBXResourcesBuildPhase section */
		CE8EB6EA27AE85720036DBF0 /* Resources */ = {
			isa = PBXResourcesBuildPhase;
			buildActionMask = 2147483647;
			files = (
				CE8EB6FC27AE85750036DBF0 /* LaunchScreen.storyboard in Resources */,
				CEB662B627C3753E006F7FE3 /* landmarkData.json in Resources */,
				CE8EB6F927AE85750036DBF0 /* Preview Assets.xcassets in Resources */,
				CE8EB6F627AE85750036DBF0 /* Assets.xcassets in Resources */,
			);
			runOnlyForDeploymentPostprocessing = 0;
		};
		CE8EB70027AE85760036DBF0 /* Resources */ = {
			isa = PBXResourcesBuildPhase;
			buildActionMask = 2147483647;
			files = (
			);
			runOnlyForDeploymentPostprocessing = 0;
		};
		CE8EB70B27AE85760036DBF0 /* Resources */ = {
			isa = PBXResourcesBuildPhase;
			buildActionMask = 2147483647;
			files = (
			);
			runOnlyForDeploymentPostprocessing = 0;
		};
/* End PBXResourcesBuildPhase section */

/* Begin PBXSourcesBuildPhase section */
		CE8EB6E827AE85720036DBF0 /* Sources */ = {
			isa = PBXSourcesBuildPhase;
			buildActionMask = 2147483647;
			files = (
				CEB662D327C4A54A006F7FE3 /* Badge.swift in Sources */,
				CEB662AF27C36858006F7FE3 /* Landmark.swift in Sources */,
				CE8EB6F027AE85720036DBF0 /* AppDelegate.swift in Sources */,
				CEB662C227C3F499006F7FE3 /* SwiftUITutorial.swift in Sources */,
				CEB662C427C3F798006F7FE3 /* FavoriteButton.swift in Sources */,
				CEB6623E27C34FDA006F7FE3 /* CircleImage.swift in Sources */,
				CEB662D127C49E78006F7FE3 /* RotatedBadgeSymbol.swift in Sources */,
				CEB662CF27C497F5006F7FE3 /* BadgeSymbol.swift in Sources */,
				CEB6624027C352E2006F7FE3 /* MapView.swift in Sources */,
				CEB662BA27C3793F006F7FE3 /* LandmarkList.swift in Sources */,
				CE8EB6F227AE85720036DBF0 /* SceneDelegate.swift in Sources */,
				CE8EB6F427AE85720036DBF0 /* ContentView.swift in Sources */,
				CEB662CB27C486C4006F7FE3 /* BadgeBackground.swift in Sources */,
				CEB662C927C4849D006F7FE3 /* HexagonParameters.swift in Sources */,
				CEB662B827C3773A006F7FE3 /* LandmarkRow.swift in Sources */,
				CEB662BC27C37ACA006F7FE3 /* LandmarkDetail.swift in Sources */,
				CEB662B127C36D63006F7FE3 /* ModelData.swift in Sources */,
			);
			runOnlyForDeploymentPostprocessing = 0;
		};
		CE8EB6FE27AE85760036DBF0 /* Sources */ = {
			isa = PBXSourcesBuildPhase;
			buildActionMask = 2147483647;
			files = (
				CE8EB70727AE85760036DBF0 /* SwiftUITutorialTests.swift in Sources */,
			);
			runOnlyForDeploymentPostprocessing = 0;
		};
		CE8EB70927AE85760036DBF0 /* Sources */ = {
			isa = PBXSourcesBuildPhase;
			buildActionMask = 2147483647;
			files = (
				CE8EB71227AE85760036DBF0 /* SwiftUITutorialUITests.swift in Sources */,
			);
			runOnlyForDeploymentPostprocessing = 0;
		};
/* End PBXSourcesBuildPhase section */

/* Begin PBXTargetDependency section */
		CE8EB70427AE85760036DBF0 /* PBXTargetDependency */ = {
			isa = PBXTargetDependency;
			target = CE8EB6EB27AE85720036DBF0 /* SwiftUITutorial */;
			targetProxy = CE8EB70327AE85760036DBF0 /* PBXContainerItemProxy */;
		};
		CE8EB70F27AE85760036DBF0 /* PBXTargetDependency */ = {
			isa = PBXTargetDependency;
			target = CE8EB6EB27AE85720036DBF0 /* SwiftUITutorial */;
			targetProxy = CE8EB70E27AE85760036DBF0 /* PBXContainerItemProxy */;
		};
/* End PBXTargetDependency section */

/* Begin PBXVariantGroup section */
		CE8EB6FA27AE85750036DBF0 /* LaunchScreen.storyboard */ = {
			isa = PBXVariantGroup;
			children = (
				CE8EB6FB27AE85750036DBF0 /* Base */,
			);
			name = LaunchScreen.storyboard;
			sourceTree = "<group>";
		};
/* End PBXVariantGroup section */

/* Begin XCBuildConfiguration section */
		CE8EB71427AE85760036DBF0 /* Debug */ = {
			isa = XCBuildConfiguration;
			buildSettings = {
				ALWAYS_SEARCH_USER_PATHS = NO;
				CLANG_ANALYZER_NONNULL = YES;
				CLANG_ANALYZER_NUMBER_OBJECT_CONVERSION = YES_AGGRESSIVE;
				CLANG_CXX_LANGUAGE_STANDARD = "gnu++14";
				CLANG_CXX_LIBRARY = "libc++";
				CLANG_ENABLE_MODULES = YES;
				CLANG_ENABLE_OBJC_ARC = YES;
				CLANG_ENABLE_OBJC_WEAK = YES;
				CLANG_WARN_BLOCK_CAPTURE_AUTORELEASING = YES;
				CLANG_WARN_BOOL_CONVERSION = YES;
				CLANG_WARN_COMMA = YES;
				CLANG_WARN_CONSTANT_CONVERSION = YES;
				CLANG_WARN_DEPRECATED_OBJC_IMPLEMENTATIONS = YES;
				CLANG_WARN_DIRECT_OBJC_ISA_USAGE = YES_ERROR;
				CLANG_WARN_DOCUMENTATION_COMMENTS = YES;
				CLANG_WARN_EMPTY_BODY = YES;
				CLANG_WARN_ENUM_CONVERSION = YES;
				CLANG_WARN_INFINITE_RECURSION = YES;
				CLANG_WARN_INT_CONVERSION = YES;
				CLANG_WARN_NON_LITERAL_NULL_CONVERSION = YES;
				CLANG_WARN_OBJC_IMPLICIT_RETAIN_SELF = YES;
				CLANG_WARN_OBJC_LITERAL_CONVERSION = YES;
				CLANG_WARN_OBJC_ROOT_CLASS = YES_ERROR;
				CLANG_WARN_QUOTED_INCLUDE_IN_FRAMEWORK_HEADER = YES;
				CLANG_WARN_RANGE_LOOP_ANALYSIS = YES;
				CLANG_WARN_STRICT_PROTOTYPES = YES;
				CLANG_WARN_SUSPICIOUS_MOVE = YES;
				CLANG_WARN_UNGUARDED_AVAILABILITY = YES_AGGRESSIVE;
				CLANG_WARN_UNREACHABLE_CODE = YES;
				CLANG_WARN__DUPLICATE_METHOD_MATCH = YES;
				COPY_PHASE_STRIP = NO;
				DEBUG_INFORMATION_FORMAT = dwarf;
				ENABLE_STRICT_OBJC_MSGSEND = YES;
				ENABLE_TESTABILITY = YES;
				GCC_C_LANGUAGE_STANDARD = gnu11;
				GCC_DYNAMIC_NO_PIC = NO;
				GCC_NO_COMMON_BLOCKS = YES;
				GCC_OPTIMIZATION_LEVEL = 0;
				GCC_PREPROCESSOR_DEFINITIONS = (
					"DEBUG=1",
					"$(inherited)",
				);
				GCC_WARN_64_TO_32_BIT_CONVERSION = YES;
				GCC_WARN_ABOUT_RETURN_TYPE = YES_ERROR;
				GCC_WARN_UNDECLARED_SELECTOR = YES;
				GCC_WARN_UNINITIALIZED_AUTOS = YES_AGGRESSIVE;
				GCC_WARN_UNUSED_FUNCTION = YES;
				GCC_WARN_UNUSED_VARIABLE = YES;
				IPHONEOS_DEPLOYMENT_TARGET = 14.5;
				MTL_ENABLE_DEBUG_INFO = INCLUDE_SOURCE;
				MTL_FAST_MATH = YES;
				ONLY_ACTIVE_ARCH = YES;
				SDKROOT = iphoneos;
				SWIFT_ACTIVE_COMPILATION_CONDITIONS = DEBUG;
				SWIFT_OPTIMIZATION_LEVEL = "-Onone";
			};
			name = Debug;
		};
		CE8EB71527AE85760036DBF0 /* Release */ = {
			isa = XCBuildConfiguration;
			buildSettings = {
				ALWAYS_SEARCH_USER_PATHS = NO;
				CLANG_ANALYZER_NONNULL = YES;
				CLANG_ANALYZER_NUMBER_OBJECT_CONVERSION = YES_AGGRESSIVE;
				CLANG_CXX_LANGUAGE_STANDARD = "gnu++14";
				CLANG_CXX_LIBRARY = "libc++";
				CLANG_ENABLE_MODULES = YES;
				CLANG_ENABLE_OBJC_ARC = YES;
				CLANG_ENABLE_OBJC_WEAK = YES;
				CLANG_WARN_BLOCK_CAPTURE_AUTORELEASING = YES;
				CLANG_WARN_BOOL_CONVERSION = YES;
				CLANG_WARN_COMMA = YES;
				CLANG_WARN_CONSTANT_CONVERSION = YES;
				CLANG_WARN_DEPRECATED_OBJC_IMPLEMENTATIONS = YES;
				CLANG_WARN_DIRECT_OBJC_ISA_USAGE = YES_ERROR;
				CLANG_WARN_DOCUMENTATION_COMMENTS = YES;
				CLANG_WARN_EMPTY_BODY = YES;
				CLANG_WARN_ENUM_CONVERSION = YES;
				CLANG_WARN_INFINITE_RECURSION = YES;
				CLANG_WARN_INT_CONVERSION = YES;
				CLANG_WARN_NON_LITERAL_NULL_CONVERSION = YES;
				CLANG_WARN_OBJC_IMPLICIT_RETAIN_SELF = YES;
				CLANG_WARN_OBJC_LITERAL_CONVERSION = YES;
				CLANG_WARN_OBJC_ROOT_CLASS = YES_ERROR;
				CLANG_WARN_QUOTED_INCLUDE_IN_FRAMEWORK_HEADER = YES;
				CLANG_WARN_RANGE_LOOP_ANALYSIS = YES;
				CLANG_WARN_STRICT_PROTOTYPES = YES;
				CLANG_WARN_SUSPICIOUS_MOVE = YES;
				CLANG_WARN_UNGUARDED_AVAILABILITY = YES_AGGRESSIVE;
				CLANG_WARN_UNREACHABLE_CODE = YES;
				CLANG_WARN__DUPLICATE_METHOD_MATCH = YES;
				COPY_PHASE_STRIP = NO;
				DEBUG_INFORMATION_FORMAT = "dwarf-with-dsym";
				ENABLE_NS_ASSERTIONS = NO;
				ENABLE_STRICT_OBJC_MSGSEND = YES;
				GCC_C_LANGUAGE_STANDARD = gnu11;
				GCC_NO_COMMON_BLOCKS = YES;
				GCC_WARN_64_TO_32_BIT_CONVERSION = YES;
				GCC_WARN_ABOUT_RETURN_TYPE = YES_ERROR;
				GCC_WARN_UNDECLARED_SELECTOR = YES;
				GCC_WARN_UNINITIALIZED_AUTOS = YES_AGGRESSIVE;
				GCC_WARN_UNUSED_FUNCTION = YES;
				GCC_WARN_UNUSED_VARIABLE = YES;
				IPHONEOS_DEPLOYMENT_TARGET = 14.5;
				MTL_ENABLE_DEBUG_INFO = NO;
				MTL_FAST_MATH = YES;
				SDKROOT = iphoneos;
				SWIFT_COMPILATION_MODE = wholemodule;
				SWIFT_OPTIMIZATION_LEVEL = "-O";
				VALIDATE_PRODUCT = YES;
			};
			name = Release;
		};
		CE8EB71727AE85760036DBF0 /* Debug */ = {
			isa = XCBuildConfiguration;
			buildSettings = {
				ASSETCATALOG_COMPILER_APPICON_NAME = AppIcon;
				ASSETCATALOG_COMPILER_GLOBAL_ACCENT_COLOR_NAME = AccentColor;
				CODE_SIGN_STYLE = Automatic;
				DEVELOPMENT_ASSET_PATHS = "\"SwiftUITutorial/Preview Content\"";
				DEVELOPMENT_TEAM = X6NHLT8T59;
				ENABLE_PREVIEWS = YES;
				INFOPLIST_FILE = SwiftUITutorial/Info.plist;
				LD_RUNPATH_SEARCH_PATHS = (
					"$(inherited)",
					"@executable_path/Frameworks",
				);
				PRODUCT_BUNDLE_IDENTIFIER = com.taichiApp.SwiftUITutorial;
				PRODUCT_NAME = "$(TARGET_NAME)";
				SWIFT_VERSION = 5.0;
				TARGETED_DEVICE_FAMILY = "1,2";
			};
			name = Debug;
		};
		CE8EB71827AE85760036DBF0 /* Release */ = {
			isa = XCBuildConfiguration;
			buildSettings = {
				ASSETCATALOG_COMPILER_APPICON_NAME = AppIcon;
				ASSETCATALOG_COMPILER_GLOBAL_ACCENT_COLOR_NAME = AccentColor;
				CODE_SIGN_STYLE = Automatic;
				DEVELOPMENT_ASSET_PATHS = "\"SwiftUITutorial/Preview Content\"";
				DEVELOPMENT_TEAM = X6NHLT8T59;
				ENABLE_PREVIEWS = YES;
				INFOPLIST_FILE = SwiftUITutorial/Info.plist;
				LD_RUNPATH_SEARCH_PATHS = (
					"$(inherited)",
					"@executable_path/Frameworks",
				);
				PRODUCT_BUNDLE_IDENTIFIER = com.taichiApp.SwiftUITutorial;
				PRODUCT_NAME = "$(TARGET_NAME)";
				SWIFT_VERSION = 5.0;
				TARGETED_DEVICE_FAMILY = "1,2";
			};
			name = Release;
		};
		CE8EB71A27AE85760036DBF0 /* Debug */ = {
			isa = XCBuildConfiguration;
			buildSettings = {
				ALWAYS_EMBED_SWIFT_STANDARD_LIBRARIES = YES;
				BUNDLE_LOADER = "$(TEST_HOST)";
				CODE_SIGN_STYLE = Automatic;
				DEVELOPMENT_TEAM = X6NHLT8T59;
				INFOPLIST_FILE = SwiftUITutorialTests/Info.plist;
				IPHONEOS_DEPLOYMENT_TARGET = 14.5;
				LD_RUNPATH_SEARCH_PATHS = (
					"$(inherited)",
					"@executable_path/Frameworks",
					"@loader_path/Frameworks",
				);
				PRODUCT_BUNDLE_IDENTIFIER = com.taichiApp.SwiftUITutorialTests;
				PRODUCT_NAME = "$(TARGET_NAME)";
				SWIFT_VERSION = 5.0;
				TARGETED_DEVICE_FAMILY = "1,2";
				TEST_HOST = "$(BUILT_PRODUCTS_DIR)/SwiftUITutorial.app/SwiftUITutorial";
			};
			name = Debug;
		};
		CE8EB71B27AE85760036DBF0 /* Release */ = {
			isa = XCBuildConfiguration;
			buildSettings = {
				ALWAYS_EMBED_SWIFT_STANDARD_LIBRARIES = YES;
				BUNDLE_LOADER = "$(TEST_HOST)";
				CODE_SIGN_STYLE = Automatic;
				DEVELOPMENT_TEAM = X6NHLT8T59;
				INFOPLIST_FILE = SwiftUITutorialTests/Info.plist;
				IPHONEOS_DEPLOYMENT_TARGET = 14.5;
				LD_RUNPATH_SEARCH_PATHS = (
					"$(inherited)",
					"@executable_path/Frameworks",
					"@loader_path/Frameworks",
				);
				PRODUCT_BUNDLE_IDENTIFIER = com.taichiApp.SwiftUITutorialTests;
				PRODUCT_NAME = "$(TARGET_NAME)";
				SWIFT_VERSION = 5.0;
				TARGETED_DEVICE_FAMILY = "1,2";
				TEST_HOST = "$(BUILT_PRODUCTS_DIR)/SwiftUITutorial.app/SwiftUITutorial";
			};
			name = Release;
		};
		CE8EB71D27AE85760036DBF0 /* Debug */ = {
			isa = XCBuildConfiguration;
			buildSettings = {
				ALWAYS_EMBED_SWIFT_STANDARD_LIBRARIES = YES;
				CODE_SIGN_STYLE = Automatic;
				DEVELOPMENT_TEAM = X6NHLT8T59;
				INFOPLIST_FILE = SwiftUITutorialUITests/Info.plist;
				LD_RUNPATH_SEARCH_PATHS = (
					"$(inherited)",
					"@executable_path/Frameworks",
					"@loader_path/Frameworks",
				);
				PRODUCT_BUNDLE_IDENTIFIER = com.taichiApp.SwiftUITutorialUITests;
				PRODUCT_NAME = "$(TARGET_NAME)";
				SWIFT_VERSION = 5.0;
				TARGETED_DEVICE_FAMILY = "1,2";
				TEST_TARGET_NAME = SwiftUITutorial;
			};
			name = Debug;
		};
		CE8EB71E27AE85760036DBF0 /* Release */ = {
			isa = XCBuildConfiguration;
			buildSettings = {
				ALWAYS_EMBED_SWIFT_STANDARD_LIBRARIES = YES;
				CODE_SIGN_STYLE = Automatic;
				DEVELOPMENT_TEAM = X6NHLT8T59;
				INFOPLIST_FILE = SwiftUITutorialUITests/Info.plist;
				LD_RUNPATH_SEARCH_PATHS = (
					"$(inherited)",
					"@executable_path/Frameworks",
					"@loader_path/Frameworks",
				);
				PRODUCT_BUNDLE_IDENTIFIER = com.taichiApp.SwiftUITutorialUITests;
				PRODUCT_NAME = "$(TARGET_NAME)";
				SWIFT_VERSION = 5.0;
				TARGETED_DEVICE_FAMILY = "1,2";
				TEST_TARGET_NAME = SwiftUITutorial;
			};
			name = Release;
		};
/* End XCBuildConfiguration section */

/* Begin XCConfigurationList section */
		CE8EB6E727AE85720036DBF0 /* Build configuration list for PBXProject "SwiftUITutorial" */ = {
			isa = XCConfigurationList;
			buildConfigurations = (
				CE8EB71427AE85760036DBF0 /* Debug */,
				CE8EB71527AE85760036DBF0 /* Release */,
			);
			defaultConfigurationIsVisible = 0;
			defaultConfigurationName = Release;
		};
		CE8EB71627AE85760036DBF0 /* Build configuration list for PBXNativeTarget "SwiftUITutorial" */ = {
			isa = XCConfigurationList;
			buildConfigurations = (
				CE8EB71727AE85760036DBF0 /* Debug */,
				CE8EB71827AE85760036DBF0 /* Release */,
			);
			defaultConfigurationIsVisible = 0;
			defaultConfigurationName = Release;
		};
		CE8EB71927AE85760036DBF0 /* Build configuration list for PBXNativeTarget "SwiftUITutorialTests" */ = {
			isa = XCConfigurationList;
			buildConfigurations = (
				CE8EB71A27AE85760036DBF0 /* Debug */,
				CE8EB71B27AE85760036DBF0 /* Release */,
			);
			defaultConfigurationIsVisible = 0;
			defaultConfigurationName = Release;
		};
		CE8EB71C27AE85760036DBF0 /* Build configuration list for PBXNativeTarget "SwiftUITutorialUITests" */ = {
			isa = XCConfigurationList;
			buildConfigurations = (
				CE8EB71D27AE85760036DBF0 /* Debug */,
				CE8EB71E27AE85760036DBF0 /* Release */,
			);
			defaultConfigurationIsVisible = 0;
			defaultConfigurationName = Release;
		};
/* End XCConfigurationList section */
	};
	rootObject = CE8EB6E427AE85720036DBF0 /* Project object */;
}
